
Microsoft Visual Studio Solution File, Format Version 12.00
# Visual Studio Version 17
VisualStudioVersion = 17.5.002.0
MinimumVisualStudioVersion = 10.0.40219.1
Project("{9A19103F-16F7-4668-BE54-9A1E7A4F7556}") = "Excercise 2", "Excercise 2.csproj", "{C4669B4D-FDFF-4D40-8472-878EA24F90B0}"
EndProject
Global
	GlobalSection(SolutionConfigurationPlatforms) = preSolution
		Debug|Any CPU = Debug|Any CPU
		Release|Any CPU = Release|Any CPU
	EndGlobalSection
	GlobalSection(ProjectConfigurationPlatforms) = postSolution
		{C4669B4D-FDFF-4D40-8472-878EA24F90B0}.Debug|Any CPU.ActiveCfg = Debug|Any CPU
		{C4669B4D-FDFF-4D40-8472-878EA24F90B0}.Debug|Any CPU.Build.0 = Debug|Any CPU
		{C4669B4D-FDFF-4D40-8472-878EA24F90B0}.Release|Any CPU.ActiveCfg = Release|Any CPU
		{C4669B4D-FDFF-4D40-8472-878EA24F90B0}.Release|Any CPU.Build.0 = Release|Any CPU
	EndGlobalSection
	GlobalSection(SolutionProperties) = preSolution
		HideSolutionNode = FALSE
	EndGlobalSection
	GlobalSection(ExtensibilityGlobals) = postSolution
		SolutionGuid = {C855335B-1A09-4C16-B3A3-9718E473DCFC}
	EndGlobalSection
EndGlobal
